
Microsoft Visual Studio Solution File, Format Version 12.00
# Visual Studio Version 17
VisualStudioVersion = 17.10.35027.167
MinimumVisualStudioVersion = 10.0.40219.1
Project("{9A19103F-16F7-4668-BE54-9A1E7A4F7556}") = "Shop_web_API", "Shop_web_API\Shop_web_API.csproj", "{778D610D-BF57-470B-BFB5-CB0B7928A632}"
EndProject
Project("{FAE04EC0-301F-11D3-BF4B-00C04F79EFBC}") = "ShopWebAPITest", "ShopWebAPITest\ShopWebAPITest.csproj", "{90F82D48-167F-4864-8DB7-865E894728AA}"
EndProject
Global
	GlobalSection(SolutionConfigurationPlatforms) = preSolution
		Debug|Any CPU = Debug|Any CPU
		Release|Any CPU = Release|Any CPU
	EndGlobalSection
	GlobalSection(ProjectConfigurationPlatforms) = postSolution
		{778D610D-BF57-470B-BFB5-CB0B7928A632}.Debug|Any CPU.ActiveCfg = Debug|Any CPU
		{778D610D-BF57-470B-BFB5-CB0B7928A632}.Debug|Any CPU.Build.0 = Debug|Any CPU
		{778D610D-BF57-470B-BFB5-CB0B7928A632}.Release|Any CPU.ActiveCfg = Release|Any CPU
		{778D610D-BF57-470B-BFB5-CB0B7928A632}.Release|Any CPU.Build.0 = Release|Any CPU
		{90F82D48-167F-4864-8DB7-865E894728AA}.Debug|Any CPU.ActiveCfg = Debug|Any CPU
		{90F82D48-167F-4864-8DB7-865E894728AA}.Debug|Any CPU.Build.0 = Debug|Any CPU
		{90F82D48-167F-4864-8DB7-865E894728AA}.Release|Any CPU.ActiveCfg = Release|Any CPU
		{90F82D48-167F-4864-8DB7-865E894728AA}.Release|Any CPU.Build.0 = Release|Any CPU
	EndGlobalSection
	GlobalSection(SolutionProperties) = preSolution
		HideSolutionNode = FALSE
	EndGlobalSection
	GlobalSection(ExtensibilityGlobals) = postSolution
		SolutionGuid = {B264EA5D-3EE1-409A-8C5A-F5F95BCA47F9}
	EndGlobalSection
EndGlobal
